
Microsoft Visual Studio Solution File, Format Version 12.00
# Visual Studio Version 16
VisualStudioVersion = 16.0.30523.141
MinimumVisualStudioVersion = 10.0.40219.1
Project("{FAE04EC0-301F-11D3-BF4B-00C04F79EFBC}") = "RADParse", "RADParse\RADParse.csproj", "{427CD3E0-143C-4830-B18E-87515554B787}"
EndProject
Project("{FAE04EC0-301F-11D3-BF4B-00C04F79EFBC}") = "Data", "Data\Data.csproj", "{F5CCD62B-B722-453C-8AC6-6E332E3C2FA2}"
EndProject
Project("{FAE04EC0-301F-11D3-BF4B-00C04F79EFBC}") = "StreetConsole", "StreetConsole\StreetConsole.csproj", "{7E478D5C-6A2C-44B7-B7BB-BFD0E60F9478}"
EndProject
Global
	GlobalSection(SolutionConfigurationPlatforms) = preSolution
		Debug|Any CPU = Debug|Any CPU
		Release|Any CPU = Release|Any CPU
	EndGlobalSection
	GlobalSection(ProjectConfigurationPlatforms) = postSolution
		{427CD3E0-143C-4830-B18E-87515554B787}.Debug|Any CPU.ActiveCfg = Debug|Any CPU
		{427CD3E0-143C-4830-B18E-87515554B787}.Debug|Any CPU.Build.0 = Debug|Any CPU
		{427CD3E0-143C-4830-B18E-87515554B787}.Release|Any CPU.ActiveCfg = Release|Any CPU
		{427CD3E0-143C-4830-B18E-87515554B787}.Release|Any CPU.Build.0 = Release|Any CPU
		{F5CCD62B-B722-453C-8AC6-6E332E3C2FA2}.Debug|Any CPU.ActiveCfg = Debug|Any CPU
		{F5CCD62B-B722-453C-8AC6-6E332E3C2FA2}.Debug|Any CPU.Build.0 = Debug|Any CPU
		{F5CCD62B-B722-453C-8AC6-6E332E3C2FA2}.Release|Any CPU.ActiveCfg = Release|Any CPU
		{F5CCD62B-B722-453C-8AC6-6E332E3C2FA2}.Release|Any CPU.Build.0 = Release|Any CPU
		{7E478D5C-6A2C-44B7-B7BB-BFD0E60F9478}.Debug|Any CPU.ActiveCfg = Debug|Any CPU
		{7E478D5C-6A2C-44B7-B7BB-BFD0E60F9478}.Debug|Any CPU.Build.0 = Debug|Any CPU
		{7E478D5C-6A2C-44B7-B7BB-BFD0E60F9478}.Release|Any CPU.ActiveCfg = Release|Any CPU
		{7E478D5C-6A2C-44B7-B7BB-BFD0E60F9478}.Release|Any CPU.Build.0 = Release|Any CPU
	EndGlobalSection
	GlobalSection(SolutionProperties) = preSolution
		HideSolutionNode = FALSE
	EndGlobalSection
	GlobalSection(ExtensibilityGlobals) = postSolution
		SolutionGuid = {3D941D1A-77F6-4EB2-9EA7-AF91966B6BB8}
	EndGlobalSection
EndGlobal
